Microsoft Visual Studio Solution File, Format Version 12.00
# Visual Studio 14
VisualStudioVersion = 14.0.25420.1
MinimumVisualStudioVersion = 10.0.40219.1
Project("{FAE04EC0-301F-11D3-BF4B-00C04F79EFBC}") = "pTracer_cecil", "pTracer\pTracer_cecil.csproj", "{55810AFE-4523-402D-856F-B2C255EB46DD}"
EndProject
Project("{FAE04EC0-301F-11D3-BF4B-00C04F79EFBC}") = "Logging", "Logging\Logging.csproj", "{0D9EA5C9-275C-44B7-9304-583B428193E6}"
EndProject
Project("{FAE04EC0-301F-11D3-BF4B-00C04F79EFBC}") = "pTracer_dn", "pTracer_dnLib\pTracer_dn.csproj", "{674C4674-1B2C-44E1-B66B-1D8F603E9963}"
EndProject
Project("{FAE04EC0-301F-11D3-BF4B-00C04F79EFBC}") = "dnlib", "dnlib\src\dnlib.csproj", "{FDFC1237-143F-4919-8318-4926901F4639}"
EndProject
Project("{FAE04EC0-301F-11D3-BF4B-00C04F79EFBC}") = "testdummy", "testdummy\testdummy.csproj", "{644DD2D7-25D9-4B33-9324-E34BCC2698E8}"
EndProject
Global
	GlobalSection(SolutionConfigurationPlatforms) = preSolution
		Debug|Any CPU = Debug|Any CPU
		Release|Any CPU = Release|Any CPU
	EndGlobalSection
	GlobalSection(ProjectConfigurationPlatforms) = postSolution
		{55810AFE-4523-402D-856F-B2C255EB46DD}.Debug|Any CPU.ActiveCfg = Debug|Any CPU
		{55810AFE-4523-402D-856F-B2C255EB46DD}.Debug|Any CPU.Build.0 = Debug|Any CPU
		{55810AFE-4523-402D-856F-B2C255EB46DD}.Release|Any CPU.ActiveCfg = Release|Any CPU
		{55810AFE-4523-402D-856F-B2C255EB46DD}.Release|Any CPU.Build.0 = Release|Any CPU
		{0D9EA5C9-275C-44B7-9304-583B428193E6}.Debug|Any CPU.ActiveCfg = Debug|Any CPU
		{0D9EA5C9-275C-44B7-9304-583B428193E6}.Debug|Any CPU.Build.0 = Debug|Any CPU
		{0D9EA5C9-275C-44B7-9304-583B428193E6}.Release|Any CPU.ActiveCfg = Release|Any CPU
		{0D9EA5C9-275C-44B7-9304-583B428193E6}.Release|Any CPU.Build.0 = Release|Any CPU
		{674C4674-1B2C-44E1-B66B-1D8F603E9963}.Debug|Any CPU.ActiveCfg = Debug|Any CPU
		{674C4674-1B2C-44E1-B66B-1D8F603E9963}.Debug|Any CPU.Build.0 = Debug|Any CPU
		{674C4674-1B2C-44E1-B66B-1D8F603E9963}.Release|Any CPU.ActiveCfg = Release|Any CPU
		{674C4674-1B2C-44E1-B66B-1D8F603E9963}.Release|Any CPU.Build.0 = Release|Any CPU
		{FDFC1237-143F-4919-8318-4926901F4639}.Debug|Any CPU.ActiveCfg = Debug|Any CPU
		{FDFC1237-143F-4919-8318-4926901F4639}.Debug|Any CPU.Build.0 = Debug|Any CPU
		{FDFC1237-143F-4919-8318-4926901F4639}.Release|Any CPU.ActiveCfg = Release|Any CPU
		{FDFC1237-143F-4919-8318-4926901F4639}.Release|Any CPU.Build.0 = Release|Any CPU
		{644DD2D7-25D9-4B33-9324-E34BCC2698E8}.Debug|Any CPU.ActiveCfg = Debug|Any CPU
		{644DD2D7-25D9-4B33-9324-E34BCC2698E8}.Debug|Any CPU.Build.0 = Debug|Any CPU
		{644DD2D7-25D9-4B33-9324-E34BCC2698E8}.Release|Any CPU.ActiveCfg = Release|Any CPU
		{644DD2D7-25D9-4B33-9324-E34BCC2698E8}.Release|Any CPU.Build.0 = Release|Any CPU
	EndGlobalSection
	GlobalSection(SolutionProperties) = preSolution
		HideSolutionNode = FALSE
	EndGlobalSection
EndGlobal
